
Microsoft Visual Studio Solution File, Format Version 12.00
# Visual Studio 15
VisualStudioVersion = 15.0.28010.2048
MinimumVisualStudioVersion = 10.0.40219.1
Project("{FAE04EC0-301F-11D3-BF4B-00C04F79EFBC}") = "DataBindingWithDataContextOneWay", "DataBindingWithDataContextOneWay\DataBindingWithDataContextOneWay.csproj", "{D45D1D35-6EE6-4495-908E-CACA20342D21}"
EndProject
Project("{FAE04EC0-301F-11D3-BF4B-00C04F79EFBC}") = "DataBindingWithDataContextTwoWay", "DataBindingWithDataContextTwoWay\DataBindingWithDataContextTwoWay.csproj", "{F739BC64-27D0-47A4-A170-F8DF602097D1}"
EndProject
Global
	GlobalSection(SolutionConfigurationPlatforms) = preSolution
		Debug|Any CPU = Debug|Any CPU
		Release|Any CPU = Release|Any CPU
	EndGlobalSection
	GlobalSection(ProjectConfigurationPlatforms) = postSolution
		{D45D1D35-6EE6-4495-908E-CACA20342D21}.Debug|Any CPU.ActiveCfg = Debug|Any CPU
		{D45D1D35-6EE6-4495-908E-CACA20342D21}.Debug|Any CPU.Build.0 = Debug|Any CPU
		{D45D1D35-6EE6-4495-908E-CACA20342D21}.Release|Any CPU.ActiveCfg = Release|Any CPU
		{D45D1D35-6EE6-4495-908E-CACA20342D21}.Release|Any CPU.Build.0 = Release|Any CPU
		{F739BC64-27D0-47A4-A170-F8DF602097D1}.Debug|Any CPU.ActiveCfg = Debug|Any CPU
		{F739BC64-27D0-47A4-A170-F8DF602097D1}.Debug|Any CPU.Build.0 = Debug|Any CPU
		{F739BC64-27D0-47A4-A170-F8DF602097D1}.Release|Any CPU.ActiveCfg = Release|Any CPU
		{F739BC64-27D0-47A4-A170-F8DF602097D1}.Release|Any CPU.Build.0 = Release|Any CPU
	EndGlobalSection
	GlobalSection(SolutionProperties) = preSolution
		HideSolutionNode = FALSE
	EndGlobalSection
	GlobalSection(ExtensibilityGlobals) = postSolution
		SolutionGuid = {A0A2508D-DF16-4DFF-B20F-003EB0655186}
	EndGlobalSection
EndGlobal
