
Microsoft Visual Studio Solution File, Format Version 12.00
# Visual Studio Version 16
VisualStudioVersion = 16.0.29306.81
MinimumVisualStudioVersion = 10.0.40219.1
Project("{FAE04EC0-301F-11D3-BF4B-00C04F79EFBC}") = "QueueInheritance", "QueueInheritance.csproj", "{1E1487DF-9E75-4459-9384-52386E8E906F}"
EndProject
Project("{FAE04EC0-301F-11D3-BF4B-00C04F79EFBC}") = "Queue_Test", "..\Queue_Test\Queue_Test.csproj", "{09EFC299-4448-4AEA-8B6E-87943AEA6381}"
EndProject
Global
	GlobalSection(SolutionConfigurationPlatforms) = preSolution
		Debug|Any CPU = Debug|Any CPU
		Release|Any CPU = Release|Any CPU
	EndGlobalSection
	GlobalSection(ProjectConfigurationPlatforms) = postSolution
		{1E1487DF-9E75-4459-9384-52386E8E906F}.Debug|Any CPU.ActiveCfg = Debug|Any CPU
		{1E1487DF-9E75-4459-9384-52386E8E906F}.Debug|Any CPU.Build.0 = Debug|Any CPU
		{1E1487DF-9E75-4459-9384-52386E8E906F}.Release|Any CPU.ActiveCfg = Release|Any CPU
		{1E1487DF-9E75-4459-9384-52386E8E906F}.Release|Any CPU.Build.0 = Release|Any CPU
		{09EFC299-4448-4AEA-8B6E-87943AEA6381}.Debug|Any CPU.ActiveCfg = Debug|Any CPU
		{09EFC299-4448-4AEA-8B6E-87943AEA6381}.Debug|Any CPU.Build.0 = Debug|Any CPU
		{09EFC299-4448-4AEA-8B6E-87943AEA6381}.Release|Any CPU.ActiveCfg = Release|Any CPU
		{09EFC299-4448-4AEA-8B6E-87943AEA6381}.Release|Any CPU.Build.0 = Release|Any CPU
	EndGlobalSection
	GlobalSection(SolutionProperties) = preSolution
		HideSolutionNode = FALSE
	EndGlobalSection
	GlobalSection(ExtensibilityGlobals) = postSolution
		SolutionGuid = {901E0CD2-578F-446A-BE4D-32DE5A66C886}
	EndGlobalSection
EndGlobal
