
Microsoft Visual Studio Solution File, Format Version 12.00
# Visual Studio Version 16
VisualStudioVersion = 16.0.29905.134
MinimumVisualStudioVersion = 10.0.40219.1
Project("{FAE04EC0-301F-11D3-BF4B-00C04F79EFBC}") = "Hyungseok-Lee_Sec004_Exercise01", "Hyimgsepl-Lee_Sec004_Exercise01\Hyungseok-Lee_Sec004_Exercise01.csproj", "{C0C936CC-0703-4118-A423-CC29492C45E2}"
EndProject
Global
	GlobalSection(SolutionConfigurationPlatforms) = preSolution
		Debug|Any CPU = Debug|Any CPU
		Release|Any CPU = Release|Any CPU
	EndGlobalSection
	GlobalSection(ProjectConfigurationPlatforms) = postSolution
		{C0C936CC-0703-4118-A423-CC29492C45E2}.Debug|Any CPU.ActiveCfg = Debug|Any CPU
		{C0C936CC-0703-4118-A423-CC29492C45E2}.Debug|Any CPU.Build.0 = Debug|Any CPU
		{C0C936CC-0703-4118-A423-CC29492C45E2}.Release|Any CPU.ActiveCfg = Release|Any CPU
		{C0C936CC-0703-4118-A423-CC29492C45E2}.Release|Any CPU.Build.0 = Release|Any CPU
	EndGlobalSection
	GlobalSection(SolutionProperties) = preSolution
		HideSolutionNode = FALSE
	EndGlobalSection
	GlobalSection(ExtensibilityGlobals) = postSolution
		SolutionGuid = {45FFEC34-2111-4DC3-B6DF-27A869F84F28}
	EndGlobalSection
EndGlobal
